// !$*UTF8*$!
{
	archiveVersion = 1;
	classes = {
	};
	objectVersion = 46;
	objects = {

/* Begin PBXBuildFile section */
		DD184C401EC6433D00FA93BF /* AppDelegate.swift in Sources */ = {isa = PBXBuildFile; fileRef = DD184C3F1EC6433D00FA93BF /* AppDelegate.swift */; };
		DD184C421EC6433D00FA93BF /* ViewController.swift in Sources */ = {isa = PBXBuildFile; fileRef = DD184C411EC6433D00FA93BF /* ViewController.swift */; };
		DD184C451EC6433D00FA93BF /* Main.storyboard in Resources */ = {isa = PBXBuildFile; fileRef = DD184C431EC6433D00FA93BF /* Main.storyboard */; };
		DD184C471EC6433D00FA93BF /* Assets.xcassets in Resources */ = {isa = PBXBuildFile; fileRef = DD184C461EC6433D00FA93BF /* Assets.xcassets */; };
		DD184C4A1EC6433D00FA93BF /* LaunchScreen.storyboard in Resources */ = {isa = PBXBuildFile; fileRef = DD184C481EC6433D00FA93BF /* LaunchScreen.storyboard */; };
/* End PBXBuildFile section */

/* Begin PBXFileReference section */
		DD184C3C1EC6433D00FA93BF /* MySocial.app */ = {isa = PBXFileReference; explicitFileType = wrapper.application; includeInIndex = 0; path = MySocial.app; sourceTree = BUILT_PRODUCTS_DIR; };
		DD184C3F1EC6433D00FA93BF /* AppDelegate.swift */ = {isa = PBXFileReference; lastKnownFileType = sourcecode.swift; path = AppDelegate.swift; sourceTree = "<group>"; };
		DD184C411EC6433D00FA93BF /* ViewController.swift */ = {isa = PBXFileReference; lastKnownFileType = sourcecode.swift; path = ViewController.swift; sourceTree = "<group>"; };
		DD184C441EC6433D00FA93BF /* Base */ = {isa = PBXFileReference; lastKnownFileType = file.storyboard; name = Base; path = Base.lproj/Main.storyboard; sourceTree = "<group>"; };
		DD184C461EC6433D00FA93BF /* Assets.xcassets */ = {isa = PBXFileReference; lastKnownFileType = folder.assetcatalog; path = Assets.xcassets; sourceTree = "<group>"; };
		DD184C491EC6433D00FA93BF /* Base */ = {isa = PBXFileReference; lastKnownFileType = file.storyboard; name = Base; path = Base.lproj/LaunchScreen.storyboard; sourceTree = "<group>"; };
		DD184C4B1EC6433D00FA93BF /* Info.plist */ = {isa = PBXFileReference; lastKnownFileType = text.plist.xml; path = Info.plist; sourceTree = "<group>"; };
/* End PBXFileReference section */

/* Begin PBXFrameworksBuildPhase section */
		DD184C391EC6433D00FA93BF /* Frameworks */ = {
			isa = PBXFrameworksBuildPhase;
			buildActionMask = 2147483647;
			files = (
			);
			runOnlyForDeploymentPostprocessing = 0;
		};
/* End PBXFrameworksBuildPhase section */

/* Begin PBXGroup section */
		DD184C331EC6433D00FA93BF = {
			isa = PBXGroup;
			children = (
				DD184C3E1EC6433D00FA93BF /* MySocial */,
				DD184C3D1EC6433D00FA93BF /* Products */,
			);
			sourceTree = "<group>";
		};
		DD184C3D1EC6433D00FA93BF /* Products */ = {
			isa = PBXGroup;
			children = (
				DD184C3C1EC6433D00FA93BF /* MySocial.app */,
			);
			name = Products;
			sourceTree = "<group>";
		};
		DD184C3E1EC6433D00FA93BF /* MySocial */ = {
			isa = PBXGroup;
			children = (
				DD184C3F1EC6433D00FA93BF /* AppDelegate.swift */,
				DD184C411EC6433D00FA93BF /* ViewController.swift */,
				DD184C431EC6433D00FA93BF /* Main.storyboard */,
				DD184C461EC6433D00FA93BF /* Assets.xcassets */,
				DD184C481EC6433D00FA93BF /* LaunchScreen.storyboard */,
				DD184C4B1EC6433D00FA93BF /* Info.plist */,
			);
			path = MySocial;
			sourceTree = "<group>";
		};
/* End PBXGroup section */

/* Begin PBXNativeTarget section */
		DD184C3B1EC6433D00FA93BF /* MySocial */ = {
			isa = PBXNativeTarget;
			buildConfigurationList = DD184C4E1EC6433D00FA93BF /* Build configuration list for PBXNativeTarget "MySocial" */;
			buildPhases = (
				DD184C381EC6433D00FA93BF /* Sources */,
				DD184C391EC6433D00FA93BF /* Frameworks */,
				DD184C3A1EC6433D00FA93BF /* Resources */,
			);
			buildRules = (
			);
			dependencies = (
			);
			name = MySocial;
			productName = MySocial;
			productReference = DD184C3C1EC6433D00FA93BF /* MySocial.app */;
			productType = "com.apple.product-type.application";
		};
/* End PBXNativeTarget section */

/* Begin PBXProject section */
		DD184C341EC6433D00FA93BF /* Project object */ = {
			isa = PBXProject;
			attributes = {
				LastSwiftUpdateCheck = 0830;
				LastUpgradeCheck = 0830;
				ORGANIZATIONNAME = "Mack Moynihan";
				TargetAttributes = {
					DD184C3B1EC6433D00FA93BF = {
						CreatedOnToolsVersion = 8.3.2;
						DevelopmentTeam = 7KC8V379RV;
						ProvisioningStyle = Automatic;
					};
				};
			};
			buildConfigurationList = DD184C371EC6433D00FA93BF /* Build configuration list for PBXProject "MySocial" */;
			compatibilityVersion = "Xcode 3.2";
			developmentRegion = English;
			hasScannedForEncodings = 0;
			knownRegions = (
				en,
				Base,
			);
			mainGroup = DD184C331EC6433D00FA93BF;
			productRefGroup = DD184C3D1EC6433D00FA93BF /* Products */;
			projectDirPath = "";
			projectRoot = "";
			targets = (
				DD184C3B1EC6433D00FA93BF /* MySocial */,
			);
		};
/* End PBXProject section */

/* Begin PBXResourcesBuildPhase section */
		DD184C3A1EC6433D00FA93BF /* Resources */ = {
			isa = PBXResourcesBuildPhase;
			buildActionMask = 2147483647;
			files = (
				DD184C4A1EC6433D00FA93BF /* LaunchScreen.storyboard in Resources */,
				DD184C471EC6433D00FA93BF /* Assets.xcassets in Resources */,
				DD184C451EC6433D00FA93BF /* Main.storyboard in Resources */,
			);
			runOnlyForDeploymentPostprocessing = 0;
		};
/* End PBXResourcesBuildPhase section */

/* Begin PBXSourcesBuildPhase section */
		DD184C381EC6433D00FA93BF /* Sources */ = {
			isa = PBXSourcesBuildPhase;
			buildActionMask = 2147483647;
			files = (
				DD184C421EC6433D00FA93BF /* ViewController.swift in Sources */,
				DD184C401EC6433D00FA93BF /* AppDelegate.swift in Sources */,
			);
			runOnlyForDeploymentPostprocessing = 0;
		};
/* End PBXSourcesBuildPhase section */

/* Begin PBXVariantGroup section */
		DD184C431EC6433D00FA93BF /* Main.storyboard */ = {
			isa = PBXVariantGroup;
			children = (
				DD184C441EC6433D00FA93BF /* Base */,
			);
			name = Main.storyboard;
			sourceTree = "<group>";
		};
		DD184C481EC6433D00FA93BF /* LaunchScreen.storyboard */ = {
			isa = PBXVariantGroup;
			children = (
				DD184C491EC6433D00FA93BF /* Base */,
			);
			name = LaunchScreen.storyboard;
			sourceTree = "<group>";
		};
/* End PBXVariantGroup section */

/* Begin XCBuildConfiguration section */
		DD184C4C1EC6433D00FA93BF /* Debug */ = {
			isa = XCBuildConfiguration;
			buildSettings = {
				ALWAYS_SEARCH_USER_PATHS = NO;
				CLANG_ANALYZER_NONNULL = YES;
				CLANG_ANALYZER_NUMBER_OBJECT_CONVERSION = YES_AGGRESSIVE;
				CLANG_CXX_LANGUAGE_STANDARD = "gnu++0x";
				CLANG_CXX_LIBRARY = "libc++";
				CLANG_ENABLE_MODULES = YES;
				CLANG_ENABLE_OBJC_ARC = YES;
				CLANG_WARN_BOOL_CONVERSION = YES;
				CLANG_WARN_CONSTANT_CONVERSION = YES;
				CLANG_WARN_DIRECT_OBJC_ISA_USAGE = YES_ERROR;
				CLANG_WARN_DOCUMENTATION_COMMENTS = YES;
				CLANG_WARN_EMPTY_BODY = YES;
				CLANG_WARN_ENUM_CONVERSION = YES;
				CLANG_WARN_INFINITE_RECURSION = YES;
				CLANG_WARN_INT_CONVERSION = YES;
				CLANG_WARN_OBJC_ROOT_CLASS = YES_ERROR;
				CLANG_WARN_SUSPICIOUS_MOVE = YES;
				CLANG_WARN_UNREACHABLE_CODE = YES;
				CLANG_WARN__DUPLICATE_METHOD_MATCH = YES;
				"CODE_SIGN_IDENTITY[sdk=iphoneos*]" = "iPhone Developer";
				COPY_PHASE_STRIP = NO;
				DEBUG_INFORMATION_FORMAT = dwarf;
				ENABLE_STRICT_OBJC_MSGSEND = YES;
				ENABLE_TESTABILITY = YES;
				GCC_C_LANGUAGE_STANDARD = gnu99;
				GCC_DYNAMIC_NO_PIC = NO;
				GCC_NO_COMMON_BLOCKS = YES;
				GCC_OPTIMIZATION_LEVEL = 0;
				GCC_PREPROCESSOR_DEFINITIONS = (
					"DEBUG=1",
					"$(inherited)",
				);
				GCC_WARN_64_TO_32_BIT_CONVERSION = YES;
				GCC_WARN_ABOUT_RETURN_TYPE = YES_ERROR;
				GCC_WARN_UNDECLARED_SELECTOR = YES;
				GCC_WARN_UNINITIALIZED_AUTOS = YES_AGGRESSIVE;
				GCC_WARN_UNUSED_FUNCTION = YES;
				GCC_WARN_UNUSED_VARIABLE = YES;
				IPHONEOS_DEPLOYMENT_TARGET = 10.3;
				MTL_ENABLE_DEBUG_INFO = YES;
				ONLY_ACTIVE_ARCH = YES;
				SDKROOT = iphoneos;
				SWIFT_ACTIVE_COMPILATION_CONDITIONS = DEBUG;
				SWIFT_OPTIMIZATION_LEVEL = "-Onone";
				TARGETED_DEVICE_FAMILY = "1,2";
			};
			name = Debug;
		};
		DD184C4D1EC6433D00FA93BF /* Release */ = {
			isa = XCBuildConfiguration;
			buildSettings = {
				ALWAYS_SEARCH_USER_PATHS = NO;
				CLANG_ANALYZER_NONNULL = YES;
				CLANG_ANALYZER_NUMBER_OBJECT_CONVERSION = YES_AGGRESSIVE;
				CLANG_CXX_LANGUAGE_STANDARD = "gnu++0x";
				CLANG_CXX_LIBRARY = "libc++";
				CLANG_ENABLE_MODULES = YES;
				CLANG_ENABLE_OBJC_ARC = YES;
				CLANG_WARN_BOOL_CONVERSION = YES;
				CLANG_WARN_CONSTANT_CONVERSION = YES;
				CLANG_WARN_DIRECT_OBJC_ISA_USAGE = YES_ERROR;
				CLANG_WARN_DOCUMENTATION_COMMENTS = YES;
				CLANG_WARN_EMPTY_BODY = YES;
				CLANG_WARN_ENUM_CONVERSION = YES;
				CLANG_WARN_INFINITE_RECURSION = YES;
				CLANG_WARN_INT_CONVERSION = YES;
				CLANG_WARN_OBJC_ROOT_CLASS = YES_ERROR;
				CLANG_WARN_SUSPICIOUS_MOVE = YES;
				CLANG_WARN_UNREACHABLE_CODE = YES;
				CLANG_WARN__DUPLICATE_METHOD_MATCH = YES;
				"CODE_SIGN_IDENTITY[sdk=iphoneos*]" = "iPhone Developer";
				COPY_PHASE_STRIP = NO;
				DEBUG_INFORMATION_FORMAT = "dwarf-with-dsym";
				ENABLE_NS_ASSERTIONS = NO;
				ENABLE_STRICT_OBJC_MSGSEND = YES;
				GCC_C_LANGUAGE_STANDARD = gnu99;
				GCC_NO_COMMON_BLOCKS = YES;
				GCC_WARN_64_TO_32_BIT_CONVERSION = YES;
				GCC_WARN_ABOUT_RETURN_TYPE = YES_ERROR;
				GCC_WARN_UNDECLARED_SELECTOR = YES;
				GCC_WARN_UNINITIALIZED_AUTOS = YES_AGGRESSIVE;
				GCC_WARN_UNUSED_FUNCTION = YES;
				GCC_WARN_UNUSED_VARIABLE = YES;
				IPHONEOS_DEPLOYMENT_TARGET = 10.3;
				MTL_ENABLE_DEBUG_INFO = NO;
				SDKROOT = iphoneos;
				SWIFT_OPTIMIZATION_LEVEL = "-Owholemodule";
				TARGETED_DEVICE_FAMILY = "1,2";
				VALIDATE_PRODUCT = YES;
			};
			name = Release;
		};
		DD184C4F1EC6433D00FA93BF /* Debug */ = {
			isa = XCBuildConfiguration;
			buildSettings = {
				ASSETCATALOG_COMPILER_APPICON_NAME = AppIcon;
				DEVELOPMENT_TEAM = 7KC8V379RV;
				INFOPLIST_FILE = MySocial/Info.plist;
				LD_RUNPATH_SEARCH_PATHS = "$(inherited) @executable_path/Frameworks";
				PRODUCT_BUNDLE_IDENTIFIER = com.MackMoynihan.MySocial;
				PRODUCT_NAME = "$(TARGET_NAME)";
				SWIFT_VERSION = 3.0;
			};
			name = Debug;
		};
		DD184C501EC6433D00FA93BF /* Release */ = {
			isa = XCBuildConfiguration;
			buildSettings = {
				ASSETCATALOG_COMPILER_APPICON_NAME = AppIcon;
				DEVELOPMENT_TEAM = 7KC8V379RV;
				INFOPLIST_FILE = MySocial/Info.plist;
				LD_RUNPATH_SEARCH_PATHS = "$(inherited) @executable_path/Frameworks";
				PRODUCT_BUNDLE_IDENTIFIER = com.MackMoynihan.MySocial;
				PRODUCT_NAME = "$(TARGET_NAME)";
				SWIFT_VERSION = 3.0;
			};
			name = Release;
		};
/* End XCBuildConfiguration section */

/* Begin XCConfigurationList section */
		DD184C371EC6433D00FA93BF /* Build configuration list for PBXProject "MySocial" */ = {
			isa = XCConfigurationList;
			buildConfigurations = (
				DD184C4C1EC6433D00FA93BF /* Debug */,
				DD184C4D1EC6433D00FA93BF /* Release */,
			);
			defaultConfigurationIsVisible = 0;
			defaultConfigurationName = Release;
		};
		DD184C4E1EC6433D00FA93BF /* Build configuration list for PBXNativeTarget "MySocial" */ = {
			isa = XCConfigurationList;
			buildConfigurations = (
				DD184C4F1EC6433D00FA93BF /* Debug */,
				DD184C501EC6433D00FA93BF /* Release */,
			);
			defaultConfigurationIsVisible = 0;
		};
/* End XCConfigurationList section */
	};
	rootObject = DD184C341EC6433D00FA93BF /* Project object */;
}
